<?xml version="1.0" encoding="utf-8"?>
<Project ToolsVersion="4.0" xmlns="http://schemas.microsoft.com/developer/msbuild/2003">
  <ItemGroup>
    <Filter Include="Primech">
      <UniqueIdentifier>{6D3E8823-D91D-07BF-E235-92954E946D20}</UniqueIdentifier>
    </Filter>
    <Filter Include="Primech\Events">
      <UniqueIdentifier>{B1CD932F-9D9B-8735-862F-F85B729C639A}</UniqueIdentifier>
    </Filter>
  </ItemGroup>
  <ItemGroup>
    <ClInclude Include="src\Primech.h" />
    <ClInclude Include="src\Primech\Application.h">
      <Filter>Primech</Filter>
    </ClInclude>
    <ClInclude Include="src\Primech\Core.h">
      <Filter>Primech</Filter>
    </ClInclude>
    <ClInclude Include="src\Primech\Entrypoint.h">
      <Filter>Primech</Filter>
    </ClInclude>
    <ClInclude Include="src\Primech\Events\ApplicationEvent.h">
      <Filter>Primech\Events</Filter>
    </ClInclude>
    <ClInclude Include="src\Primech\Events\Event.h">
      <Filter>Primech\Events</Filter>
    </ClInclude>
    <ClInclude Include="src\Primech\Events\KeyEvent.h">
      <Filter>Primech\Events</Filter>
    </ClInclude>
    <ClInclude Include="src\Primech\Events\MouseEvents.h">
      <Filter>Primech\Events</Filter>
    </ClInclude>
    <ClInclude Include="src\Primech\Log.h">
      <Filter>Primech</Filter>
    </ClInclude>
    <ClInclude Include="src\ppch.h" />
  </ItemGroup>
  <ItemGroup>
    <ClCompile Include="src\Primech\Application.cpp">
      <Filter>Primech</Filter>
    </ClCompile>
    <ClCompile Include="src\Primech\Log.cpp">
      <Filter>Primech</Filter>
    </ClCompile>
    <ClCompile Include="src\ppch.cpp" />
  </ItemGroup>
</Project>